
Microsoft Visual Studio Solution File, Format Version 12.00
# Visual Studio 2015
Project("{FAE04EC0-301F-11D3-BF4B-00C04F79EFBC}") = "Day006_Teleportal.Plugins", "Day006_Teleportal.Plugins.csproj", "{8A12C9BB-388C-D43A-1497-7FB4F1607683}"
EndProject
Project("{FAE04EC0-301F-11D3-BF4B-00C04F79EFBC}") = "Day006_Teleportal.Editor.Plugins", "Day006_Teleportal.Editor.Plugins.csproj", "{4963E790-B3BA-47C2-0BFF-40883D1BEB51}"
EndProject
Global
	GlobalSection(SolutionConfigurationPlatforms) = preSolution
		Debug|Any CPU = Debug|Any CPU
		Release|Any CPU = Release|Any CPU
	EndGlobalSection
	GlobalSection(ProjectConfigurationPlatforms) = postSolution
		{8A12C9BB-388C-D43A-1497-7FB4F1607683}.Debug|Any CPU.ActiveCfg = Debug|Any CPU
		{8A12C9BB-388C-D43A-1497-7FB4F1607683}.Debug|Any CPU.Build.0 = Debug|Any CPU
		{8A12C9BB-388C-D43A-1497-7FB4F1607683}.Release|Any CPU.ActiveCfg = Release|Any CPU
		{8A12C9BB-388C-D43A-1497-7FB4F1607683}.Release|Any CPU.Build.0 = Release|Any CPU
		{4963E790-B3BA-47C2-0BFF-40883D1BEB51}.Debug|Any CPU.ActiveCfg = Debug|Any CPU
		{4963E790-B3BA-47C2-0BFF-40883D1BEB51}.Debug|Any CPU.Build.0 = Debug|Any CPU
		{4963E790-B3BA-47C2-0BFF-40883D1BEB51}.Release|Any CPU.ActiveCfg = Release|Any CPU
		{4963E790-B3BA-47C2-0BFF-40883D1BEB51}.Release|Any CPU.Build.0 = Release|Any CPU
	EndGlobalSection
	GlobalSection(SolutionProperties) = preSolution
		HideSolutionNode = FALSE
	EndGlobalSection
EndGlobal
